
Microsoft Visual Studio Solution File, Format Version 12.00
# Visual Studio Version 17
VisualStudioVersion = 17.4.33213.308
MinimumVisualStudioVersion = 10.0.40219.1
Project("{FAE04EC0-301F-11D3-BF4B-00C04F79EFBC}") = "WpfApp3", "WpfApp3\WpfApp3.csproj", "{27A4A12B-DE9E-4CA3-8F51-40B1C575D20C}"
EndProject
Global
	GlobalSection(SolutionConfigurationPlatforms) = preSolution
		Debug|Any CPU = Debug|Any CPU
		Release|Any CPU = Release|Any CPU
	EndGlobalSection
	GlobalSection(ProjectConfigurationPlatforms) = postSolution
		{27A4A12B-DE9E-4CA3-8F51-40B1C575D20C}.Debug|Any CPU.ActiveCfg = Debug|Any CPU
		{27A4A12B-DE9E-4CA3-8F51-40B1C575D20C}.Debug|Any CPU.Build.0 = Debug|Any CPU
		{27A4A12B-DE9E-4CA3-8F51-40B1C575D20C}.Release|Any CPU.ActiveCfg = Release|Any CPU
		{27A4A12B-DE9E-4CA3-8F51-40B1C575D20C}.Release|Any CPU.Build.0 = Release|Any CPU
	EndGlobalSection
	GlobalSection(SolutionProperties) = preSolution
		HideSolutionNode = FALSE
	EndGlobalSection
	GlobalSection(ExtensibilityGlobals) = postSolution
		SolutionGuid = {4FC0AC1B-57E9-451C-A2F1-AC70DFD4C6CA}
	EndGlobalSection
EndGlobal
